// !$*UTF8*$!
{
	archiveVersion = 1;
	classes = {
	};
	objectVersion = 46;
	objects = {

/* Begin PBXBuildFile section */
		076DE0721C77DA7100075EDF /* main.m in Sources */ = {isa = PBXBuildFile; fileRef = 076DE0711C77DA7100075EDF /* main.m */; };
		076DE0751C77DA7100075EDF /* AppDelegate.m in Sources */ = {isa = PBXBuildFile; fileRef = 076DE0741C77DA7100075EDF /* AppDelegate.m */; };
		076DE07B1C77DA7100075EDF /* Main.storyboard in Resources */ = {isa = PBXBuildFile; fileRef = 076DE0791C77DA7100075EDF /* Main.storyboard */; };
		076DE07E1C77DA7100075EDF /* Phonebook.xcdatamodeld in Sources */ = {isa = PBXBuildFile; fileRef = 076DE07C1C77DA7100075EDF /* Phonebook.xcdatamodeld */; };
		076DE0801C77DA7100075EDF /* Assets.xcassets in Resources */ = {isa = PBXBuildFile; fileRef = 076DE07F1C77DA7100075EDF /* Assets.xcassets */; };
		076DE0831C77DA7100075EDF /* LaunchScreen.storyboard in Resources */ = {isa = PBXBuildFile; fileRef = 076DE0811C77DA7100075EDF /* LaunchScreen.storyboard */; };
		076DE08E1C77DA7100075EDF /* PhonebookTests.m in Sources */ = {isa = PBXBuildFile; fileRef = 076DE08D1C77DA7100075EDF /* PhonebookTests.m */; };
		076DE0991C77DA7100075EDF /* PhonebookUITests.m in Sources */ = {isa = PBXBuildFile; fileRef = 076DE0981C77DA7100075EDF /* PhonebookUITests.m */; };
		076DE0B41C77DF6F00075EDF /* AddEditViewController.m in Sources */ = {isa = PBXBuildFile; fileRef = 076DE0B31C77DF6F00075EDF /* AddEditViewController.m */; };
		076DE0B71C77DF7F00075EDF /* DetailsViewController.m in Sources */ = {isa = PBXBuildFile; fileRef = 076DE0B61C77DF7F00075EDF /* DetailsViewController.m */; };
		076DE0BA1C77DFC500075EDF /* PhonebookTableViewController.m in Sources */ = {isa = PBXBuildFile; fileRef = 076DE0B91C77DFC500075EDF /* PhonebookTableViewController.m */; };
		076DE0BE1C77E59800075EDF /* HelpMethods.m in Sources */ = {isa = PBXBuildFile; fileRef = 076DE0BD1C77E59800075EDF /* HelpMethods.m */; };
		076DE0C41C77EAB500075EDF /* Constants.m in Sources */ = {isa = PBXBuildFile; fileRef = 076DE0C31C77EAB500075EDF /* Constants.m */; };
/* End PBXBuildFile section */

/* Begin PBXContainerItemProxy section */
		076DE08A1C77DA7100075EDF /* PBXContainerItemProxy */ = {
			isa = PBXContainerItemProxy;
			containerPortal = 076DE0651C77DA7100075EDF /* Project object */;
			proxyType = 1;
			remoteGlobalIDString = 076DE06C1C77DA7100075EDF;
			remoteInfo = Phonebook;
		};
		076DE0951C77DA7100075EDF /* PBXContainerItemProxy */ = {
			isa = PBXContainerItemProxy;
			containerPortal = 076DE0651C77DA7100075EDF /* Project object */;
			proxyType = 1;
			remoteGlobalIDString = 076DE06C1C77DA7100075EDF;
			remoteInfo = Phonebook;
		};
/* End PBXContainerItemProxy section */

/* Begin PBXFileReference section */
		076DE06D1C77DA7100075EDF /* Phonebook.app */ = {isa = PBXFileReference; explicitFileType = wrapper.application; includeInIndex = 0; path = Phonebook.app; sourceTree = BUILT_PRODUCTS_DIR; };
		076DE0711C77DA7100075EDF /* main.m */ = {isa = PBXFileReference; lastKnownFileType = sourcecode.c.objc; path = main.m; sourceTree = "<group>"; };
		076DE0731C77DA7100075EDF /* AppDelegate.h */ = {isa = PBXFileReference; lastKnownFileType = sourcecode.c.h; path = AppDelegate.h; sourceTree = "<group>"; };
		076DE0741C77DA7100075EDF /* AppDelegate.m */ = {isa = PBXFileReference; lastKnownFileType = sourcecode.c.objc; path = AppDelegate.m; sourceTree = "<group>"; };
		076DE07A1C77DA7100075EDF /* Base */ = {isa = PBXFileReference; lastKnownFileType = file.storyboard; name = Base; path = Base.lproj/Main.storyboard; sourceTree = "<group>"; };
		076DE07D1C77DA7100075EDF /* Phonebook.xcdatamodel */ = {isa = PBXFileReference; lastKnownFileType = wrapper.xcdatamodel; path = Phonebook.xcdatamodel; sourceTree = "<group>"; };
		076DE07F1C77DA7100075EDF /* Assets.xcassets */ = {isa = PBXFileReference; lastKnownFileType = folder.assetcatalog; path = Assets.xcassets; sourceTree = "<group>"; };
		076DE0821C77DA7100075EDF /* Base */ = {isa = PBXFileReference; lastKnownFileType = file.storyboard; name = Base; path = Base.lproj/LaunchScreen.storyboard; sourceTree = "<group>"; };
		076DE0841C77DA7100075EDF /* Info.plist */ = {isa = PBXFileReference; lastKnownFileType = text.plist.xml; path = Info.plist; sourceTree = "<group>"; };
		076DE0891C77DA7100075EDF /* PhonebookTests.xctest */ = {isa = PBXFileReference; explicitFileType = wrapper.cfbundle; includeInIndex = 0; path = PhonebookTests.xctest; sourceTree = BUILT_PRODUCTS_DIR; };
		076DE08D1C77DA7100075EDF /* PhonebookTests.m */ = {isa = PBXFileReference; lastKnownFileType = sourcecode.c.objc; path = PhonebookTests.m; sourceTree = "<group>"; };
		076DE08F1C77DA7100075EDF /* Info.plist */ = {isa = PBXFileReference; lastKnownFileType = text.plist.xml; path = Info.plist; sourceTree = "<group>"; };
		076DE0941C77DA7100075EDF /* PhonebookUITests.xctest */ = {isa = PBXFileReference; explicitFileType = wrapper.cfbundle; includeInIndex = 0; path = PhonebookUITests.xctest; sourceTree = BUILT_PRODUCTS_DIR; };
		076DE0981C77DA7100075EDF /* PhonebookUITests.m */ = {isa = PBXFileReference; lastKnownFileType = sourcecode.c.objc; path = PhonebookUITests.m; sourceTree = "<group>"; };
		076DE09A1C77DA7100075EDF /* Info.plist */ = {isa = PBXFileReference; lastKnownFileType = text.plist.xml; path = Info.plist; sourceTree = "<group>"; };
		076DE0B21C77DF6F00075EDF /* AddEditViewController.h */ = {isa = PBXFileReference; fileEncoding = 4; lastKnownFileType = sourcecode.c.h; path = AddEditViewController.h; sourceTree = "<group>"; };
		076DE0B31C77DF6F00075EDF /* AddEditViewController.m */ = {isa = PBXFileReference; fileEncoding = 4; lastKnownFileType = sourcecode.c.objc; path = AddEditViewController.m; sourceTree = "<group>"; };
		076DE0B51C77DF7F00075EDF /* DetailsViewController.h */ = {isa = PBXFileReference; fileEncoding = 4; lastKnownFileType = sourcecode.c.h; path = DetailsViewController.h; sourceTree = "<group>"; };
		076DE0B61C77DF7F00075EDF /* DetailsViewController.m */ = {isa = PBXFileReference; fileEncoding = 4; lastKnownFileType = sourcecode.c.objc; path = DetailsViewController.m; sourceTree = "<group>"; };
		076DE0B81C77DFC500075EDF /* PhonebookTableViewController.h */ = {isa = PBXFileReference; fileEncoding = 4; lastKnownFileType = sourcecode.c.h; path = PhonebookTableViewController.h; sourceTree = "<group>"; };
		076DE0B91C77DFC500075EDF /* PhonebookTableViewController.m */ = {isa = PBXFileReference; fileEncoding = 4; lastKnownFileType = sourcecode.c.objc; path = PhonebookTableViewController.m; sourceTree = "<group>"; };
		076DE0BC1C77E59800075EDF /* HelpMethods.h */ = {isa = PBXFileReference; fileEncoding = 4; lastKnownFileType = sourcecode.c.h; path = HelpMethods.h; sourceTree = "<group>"; };
		076DE0BD1C77E59800075EDF /* HelpMethods.m */ = {isa = PBXFileReference; fileEncoding = 4; lastKnownFileType = sourcecode.c.objc; path = HelpMethods.m; sourceTree = "<group>"; };
		076DE0BF1C77E5B800075EDF /* Constants.h */ = {isa = PBXFileReference; lastKnownFileType = sourcecode.c.h; path = Constants.h; sourceTree = "<group>"; };
		076DE0C31C77EAB500075EDF /* Constants.m */ = {isa = PBXFileReference; fileEncoding = 4; lastKnownFileType = sourcecode.c.objc; path = Constants.m; sourceTree = "<group>"; };
		076DE0C51C77EE1000075EDF /* PrefixHeader.pch */ = {isa = PBXFileReference; lastKnownFileType = sourcecode.c.h; path = PrefixHeader.pch; sourceTree = "<group>"; };
/* End PBXFileReference section */

/* Begin PBXFrameworksBuildPhase section */
		076DE06A1C77DA7100075EDF /* Frameworks */ = {
			isa = PBXFrameworksBuildPhase;
			buildActionMask = 2147483647;
			files = (
			);
			runOnlyForDeploymentPostprocessing = 0;
		};
		076DE0861C77DA7100075EDF /* Frameworks */ = {
			isa = PBXFrameworksBuildPhase;
			buildActionMask = 2147483647;
			files = (
			);
			runOnlyForDeploymentPostprocessing = 0;
		};
		076DE0911C77DA7100075EDF /* Frameworks */ = {
			isa = PBXFrameworksBuildPhase;
			buildActionMask = 2147483647;
			files = (
			);
			runOnlyForDeploymentPostprocessing = 0;
		};
/* End PBXFrameworksBuildPhase section */

/* Begin PBXGroup section */
		076DE0641C77DA7100075EDF = {
			isa = PBXGroup;
			children = (
				076DE06F1C77DA7100075EDF /* Phonebook */,
				076DE08C1C77DA7100075EDF /* PhonebookTests */,
				076DE0971C77DA7100075EDF /* PhonebookUITests */,
				076DE06E1C77DA7100075EDF /* Products */,
			);
			sourceTree = "<group>";
		};
		076DE06E1C77DA7100075EDF /* Products */ = {
			isa = PBXGroup;
			children = (
				076DE06D1C77DA7100075EDF /* Phonebook.app */,
				076DE0891C77DA7100075EDF /* PhonebookTests.xctest */,
				076DE0941C77DA7100075EDF /* PhonebookUITests.xctest */,
			);
			name = Products;
			sourceTree = "<group>";
		};
		076DE06F1C77DA7100075EDF /* Phonebook */ = {
			isa = PBXGroup;
			children = (
				076DE0BB1C77E54E00075EDF /* Helpers */,
				076DE0A81C77DAA200075EDF /* Controllers */,
				076DE0A71C77DA9A00075EDF /* Views */,
				076DE0A61C77DA8B00075EDF /* Models */,
				076DE07F1C77DA7100075EDF /* Assets.xcassets */,
				076DE0701C77DA7100075EDF /* Supporting Files */,
			);
			path = Phonebook;
			sourceTree = "<group>";
		};
		076DE0701C77DA7100075EDF /* Supporting Files */ = {
			isa = PBXGroup;
			children = (
				076DE0841C77DA7100075EDF /* Info.plist */,
				076DE0731C77DA7100075EDF /* AppDelegate.h */,
				076DE0741C77DA7100075EDF /* AppDelegate.m */,
				076DE0711C77DA7100075EDF /* main.m */,
				076DE0C51C77EE1000075EDF /* PrefixHeader.pch */,
			);
			name = "Supporting Files";
			sourceTree = "<group>";
		};
		076DE08C1C77DA7100075EDF /* PhonebookTests */ = {
			isa = PBXGroup;
			children = (
				076DE08D1C77DA7100075EDF /* PhonebookTests.m */,
				076DE08F1C77DA7100075EDF /* Info.plist */,
			);
			path = PhonebookTests;
			sourceTree = "<group>";
		};
		076DE0971C77DA7100075EDF /* PhonebookUITests */ = {
			isa = PBXGroup;
			children = (
				076DE0981C77DA7100075EDF /* PhonebookUITests.m */,
				076DE09A1C77DA7100075EDF /* Info.plist */,
			);
			path = PhonebookUITests;
			sourceTree = "<group>";
		};
		076DE0A61C77DA8B00075EDF /* Models */ = {
			isa = PBXGroup;
			children = (
				076DE07C1C77DA7100075EDF /* Phonebook.xcdatamodeld */,
			);
			name = Models;
			sourceTree = "<group>";
		};
		076DE0A71C77DA9A00075EDF /* Views */ = {
			isa = PBXGroup;
			children = (
				076DE0811C77DA7100075EDF /* LaunchScreen.storyboard */,
				076DE0791C77DA7100075EDF /* Main.storyboard */,
			);
			name = Views;
			sourceTree = "<group>";
		};
		076DE0A81C77DAA200075EDF /* Controllers */ = {
			isa = PBXGroup;
			children = (
				076DE0AB1C77DB3E00075EDF /* Edit Add View Controller */,
				076DE0AA1C77DB2900075EDF /* Details View Controller */,
				076DE0A91C77DAFC00075EDF /* Table View Controller (Main Entry) */,
			);
			name = Controllers;
			sourceTree = "<group>";
		};
		076DE0A91C77DAFC00075EDF /* Table View Controller (Main Entry) */ = {
			isa = PBXGroup;
			children = (
				076DE0B81C77DFC500075EDF /* PhonebookTableViewController.h */,
				076DE0B91C77DFC500075EDF /* PhonebookTableViewController.m */,
			);
			name = "Table View Controller (Main Entry)";
			sourceTree = "<group>";
		};
		076DE0AA1C77DB2900075EDF /* Details View Controller */ = {
			isa = PBXGroup;
			children = (
				076DE0B51C77DF7F00075EDF /* DetailsViewController.h */,
				076DE0B61C77DF7F00075EDF /* DetailsViewController.m */,
			);
			name = "Details View Controller";
			sourceTree = "<group>";
		};
		076DE0AB1C77DB3E00075EDF /* Edit Add View Controller */ = {
			isa = PBXGroup;
			children = (
				076DE0B21C77DF6F00075EDF /* AddEditViewController.h */,
				076DE0B31C77DF6F00075EDF /* AddEditViewController.m */,
			);
			name = "Edit Add View Controller";
			sourceTree = "<group>";
		};
		076DE0BB1C77E54E00075EDF /* Helpers */ = {
			isa = PBXGroup;
			children = (
				076DE0BC1C77E59800075EDF /* HelpMethods.h */,
				076DE0BD1C77E59800075EDF /* HelpMethods.m */,
				076DE0BF1C77E5B800075EDF /* Constants.h */,
				076DE0C31C77EAB500075EDF /* Constants.m */,
			);
			name = Helpers;
			sourceTree = "<group>";
		};
/* End PBXGroup section */

/* Begin PBXNativeTarget section */
		076DE06C1C77DA7100075EDF /* Phonebook */ = {
			isa = PBXNativeTarget;
			buildConfigurationList = 076DE09D1C77DA7100075EDF /* Build configuration list for PBXNativeTarget "Phonebook" */;
			buildPhases = (
				076DE0691C77DA7100075EDF /* Sources */,
				076DE06A1C77DA7100075EDF /* Frameworks */,
				076DE06B1C77DA7100075EDF /* Resources */,
			);
			buildRules = (
			);
			dependencies = (
			);
			name = Phonebook;
			productName = Phonebook;
			productReference = 076DE06D1C77DA7100075EDF /* Phonebook.app */;
			productType = "com.apple.product-type.application";
		};
		076DE0881C77DA7100075EDF /* PhonebookTests */ = {
			isa = PBXNativeTarget;
			buildConfigurationList = 076DE0A01C77DA7100075EDF /* Build configuration list for PBXNativeTarget "PhonebookTests" */;
			buildPhases = (
				076DE0851C77DA7100075EDF /* Sources */,
				076DE0861C77DA7100075EDF /* Frameworks */,
				076DE0871C77DA7100075EDF /* Resources */,
			);
			buildRules = (
			);
			dependencies = (
				076DE08B1C77DA7100075EDF /* PBXTargetDependency */,
			);
			name = PhonebookTests;
			productName = PhonebookTests;
			productReference = 076DE0891C77DA7100075EDF /* PhonebookTests.xctest */;
			productType = "com.apple.product-type.bundle.unit-test";
		};
		076DE0931C77DA7100075EDF /* PhonebookUITests */ = {
			isa = PBXNativeTarget;
			buildConfigurationList = 076DE0A31C77DA7100075EDF /* Build configuration list for PBXNativeTarget "PhonebookUITests" */;
			buildPhases = (
				076DE0901C77DA7100075EDF /* Sources */,
				076DE0911C77DA7100075EDF /* Frameworks */,
				076DE0921C77DA7100075EDF /* Resources */,
			);
			buildRules = (
			);
			dependencies = (
				076DE0961C77DA7100075EDF /* PBXTargetDependency */,
			);
			name = PhonebookUITests;
			productName = PhonebookUITests;
			productReference = 076DE0941C77DA7100075EDF /* PhonebookUITests.xctest */;
			productType = "com.apple.product-type.bundle.ui-testing";
		};
/* End PBXNativeTarget section */

/* Begin PBXProject section */
		076DE0651C77DA7100075EDF /* Project object */ = {
			isa = PBXProject;
			attributes = {
				LastUpgradeCheck = 0730;
				ORGANIZATIONNAME = "Carlos Martinez";
				TargetAttributes = {
					076DE06C1C77DA7100075EDF = {
						CreatedOnToolsVersion = 7.3;
					};
					076DE0881C77DA7100075EDF = {
						CreatedOnToolsVersion = 7.3;
						TestTargetID = 076DE06C1C77DA7100075EDF;
					};
					076DE0931C77DA7100075EDF = {
						CreatedOnToolsVersion = 7.3;
						TestTargetID = 076DE06C1C77DA7100075EDF;
					};
				};
			};
			buildConfigurationList = 076DE0681C77DA7100075EDF /* Build configuration list for PBXProject "Phonebook" */;
			compatibilityVersion = "Xcode 3.2";
			developmentRegion = English;
			hasScannedForEncodings = 0;
			knownRegions = (
				en,
				Base,
			);
			mainGroup = 076DE0641C77DA7100075EDF;
			productRefGroup = 076DE06E1C77DA7100075EDF /* Products */;
			projectDirPath = "";
			projectRoot = "";
			targets = (
				076DE06C1C77DA7100075EDF /* Phonebook */,
				076DE0881C77DA7100075EDF /* PhonebookTests */,
				076DE0931C77DA7100075EDF /* PhonebookUITests */,
			);
		};
/* End PBXProject section */

/* Begin PBXResourcesBuildPhase section */
		076DE06B1C77DA7100075EDF /* Resources */ = {
			isa = PBXResourcesBuildPhase;
			buildActionMask = 2147483647;
			files = (
				076DE0831C77DA7100075EDF /* LaunchScreen.storyboard in Resources */,
				076DE0801C77DA7100075EDF /* Assets.xcassets in Resources */,
				076DE07B1C77DA7100075EDF /* Main.storyboard in Resources */,
			);
			runOnlyForDeploymentPostprocessing = 0;
		};
		076DE0871C77DA7100075EDF /* Resources */ = {
			isa = PBXResourcesBuildPhase;
			buildActionMask = 2147483647;
			files = (
			);
			runOnlyForDeploymentPostprocessing = 0;
		};
		076DE0921C77DA7100075EDF /* Resources */ = {
			isa = PBXResourcesBuildPhase;
			buildActionMask = 2147483647;
			files = (
			);
			runOnlyForDeploymentPostprocessing = 0;
		};
/* End PBXResourcesBuildPhase section */

/* Begin PBXSourcesBuildPhase section */
		076DE0691C77DA7100075EDF /* Sources */ = {
			isa = PBXSourcesBuildPhase;
			buildActionMask = 2147483647;
			files = (
				076DE0B41C77DF6F00075EDF /* AddEditViewController.m in Sources */,
				076DE0B71C77DF7F00075EDF /* DetailsViewController.m in Sources */,
				076DE0751C77DA7100075EDF /* AppDelegate.m in Sources */,
				076DE0C41C77EAB500075EDF /* Constants.m in Sources */,
				076DE0721C77DA7100075EDF /* main.m in Sources */,
				076DE07E1C77DA7100075EDF /* Phonebook.xcdatamodeld in Sources */,
				076DE0BA1C77DFC500075EDF /* PhonebookTableViewController.m in Sources */,
				076DE0BE1C77E59800075EDF /* HelpMethods.m in Sources */,
			);
			runOnlyForDeploymentPostprocessing = 0;
		};
		076DE0851C77DA7100075EDF /* Sources */ = {
			isa = PBXSourcesBuildPhase;
			buildActionMask = 2147483647;
			files = (
				076DE08E1C77DA7100075EDF /* PhonebookTests.m in Sources */,
			);
			runOnlyForDeploymentPostprocessing = 0;
		};
		076DE0901C77DA7100075EDF /* Sources */ = {
			isa = PBXSourcesBuildPhase;
			buildActionMask = 2147483647;
			files = (
				076DE0991C77DA7100075EDF /* PhonebookUITests.m in Sources */,
			);
			runOnlyForDeploymentPostprocessing = 0;
		};
/* End PBXSourcesBuildPhase section */

/* Begin PBXTargetDependency section */
		076DE08B1C77DA7100075EDF /* PBXTargetDependency */ = {
			isa = PBXTargetDependency;
			target = 076DE06C1C77DA7100075EDF /* Phonebook */;
			targetProxy = 076DE08A1C77DA7100075EDF /* PBXContainerItemProxy */;
		};
		076DE0961C77DA7100075EDF /* PBXTargetDependency */ = {
			isa = PBXTargetDependency;
			target = 076DE06C1C77DA7100075EDF /* Phonebook */;
			targetProxy = 076DE0951C77DA7100075EDF /* PBXContainerItemProxy */;
		};
/* End PBXTargetDependency section */

/* Begin PBXVariantGroup section */
		076DE0791C77DA7100075EDF /* Main.storyboard */ = {
			isa = PBXVariantGroup;
			children = (
				076DE07A1C77DA7100075EDF /* Base */,
			);
			name = Main.storyboard;
			sourceTree = "<group>";
		};
		076DE0811C77DA7100075EDF /* LaunchScreen.storyboard */ = {
			isa = PBXVariantGroup;
			children = (
				076DE0821C77DA7100075EDF /* Base */,
			);
			name = LaunchScreen.storyboard;
			sourceTree = "<group>";
		};
/* End PBXVariantGroup section */

/* Begin XCBuildConfiguration section */
		076DE09B1C77DA7100075EDF /* Debug */ = {
			isa = XCBuildConfiguration;
			buildSettings = {
				ALWAYS_SEARCH_USER_PATHS = NO;
				CLANG_CXX_LANGUAGE_STANDARD = "gnu++0x";
				CLANG_CXX_LIBRARY = "libc++";
				CLANG_ENABLE_MODULES = YES;
				CLANG_ENABLE_OBJC_ARC = YES;
				CLANG_WARN_BOOL_CONVERSION = YES;
				CLANG_WARN_CONSTANT_CONVERSION = YES;
				CLANG_WARN_DIRECT_OBJC_ISA_USAGE = YES_ERROR;
				CLANG_WARN_EMPTY_BODY = YES;
				CLANG_WARN_ENUM_CONVERSION = YES;
				CLANG_WARN_INT_CONVERSION = YES;
				CLANG_WARN_OBJC_ROOT_CLASS = YES_ERROR;
				CLANG_WARN_UNREACHABLE_CODE = YES;
				CLANG_WARN__DUPLICATE_METHOD_MATCH = YES;
				"CODE_SIGN_IDENTITY[sdk=iphoneos*]" = "iPhone Developer";
				COPY_PHASE_STRIP = NO;
				DEBUG_INFORMATION_FORMAT = dwarf;
				ENABLE_STRICT_OBJC_MSGSEND = YES;
				ENABLE_TESTABILITY = YES;
				GCC_C_LANGUAGE_STANDARD = gnu99;
				GCC_DYNAMIC_NO_PIC = NO;
				GCC_NO_COMMON_BLOCKS = YES;
				GCC_OPTIMIZATION_LEVEL = 0;
				GCC_PRECOMPILE_PREFIX_HEADER = YES;
				GCC_PREPROCESSOR_DEFINITIONS = (
					"DEBUG=1",
					"$(inherited)",
				);
				GCC_WARN_64_TO_32_BIT_CONVERSION = YES;
				GCC_WARN_ABOUT_RETURN_TYPE = YES_ERROR;
				GCC_WARN_UNDECLARED_SELECTOR = YES;
				GCC_WARN_UNINITIALIZED_AUTOS = YES_AGGRESSIVE;
				GCC_WARN_UNUSED_FUNCTION = YES;
				GCC_WARN_UNUSED_VARIABLE = YES;
				IPHONEOS_DEPLOYMENT_TARGET = 9.3;
				MTL_ENABLE_DEBUG_INFO = YES;
				ONLY_ACTIVE_ARCH = YES;
				SDKROOT = iphoneos;
				TARGETED_DEVICE_FAMILY = "1,2";
			};
			name = Debug;
		};
		076DE09C1C77DA7100075EDF /* Release */ = {
			isa = XCBuildConfiguration;
			buildSettings = {
				ALWAYS_SEARCH_USER_PATHS = NO;
				CLANG_CXX_LANGUAGE_STANDARD = "gnu++0x";
				CLANG_CXX_LIBRARY = "libc++";
				CLANG_ENABLE_MODULES = YES;
				CLANG_ENABLE_OBJC_ARC = YES;
				CLANG_WARN_BOOL_CONVERSION = YES;
				CLANG_WARN_CONSTANT_CONVERSION = YES;
				CLANG_WARN_DIRECT_OBJC_ISA_USAGE = YES_ERROR;
				CLANG_WARN_EMPTY_BODY = YES;
				CLANG_WARN_ENUM_CONVERSION = YES;
				CLANG_WARN_INT_CONVERSION = YES;
				CLANG_WARN_OBJC_ROOT_CLASS = YES_ERROR;
				CLANG_WARN_UNREACHABLE_CODE = YES;
				CLANG_WARN__DUPLICATE_METHOD_MATCH = YES;
				"CODE_SIGN_IDENTITY[sdk=iphoneos*]" = "iPhone Developer";
				COPY_PHASE_STRIP = NO;
				DEBUG_INFORMATION_FORMAT = "dwarf-with-dsym";
				ENABLE_NS_ASSERTIONS = NO;
				ENABLE_STRICT_OBJC_MSGSEND = YES;
				GCC_C_LANGUAGE_STANDARD = gnu99;
				GCC_NO_COMMON_BLOCKS = YES;
				GCC_PRECOMPILE_PREFIX_HEADER = YES;
				GCC_WARN_64_TO_32_BIT_CONVERSION = YES;
				GCC_WARN_ABOUT_RETURN_TYPE = YES_ERROR;
				GCC_WARN_UNDECLARED_SELECTOR = YES;
				GCC_WARN_UNINITIALIZED_AUTOS = YES_AGGRESSIVE;
				GCC_WARN_UNUSED_FUNCTION = YES;
				GCC_WARN_UNUSED_VARIABLE = YES;
				IPHONEOS_DEPLOYMENT_TARGET = 9.3;
				MTL_ENABLE_DEBUG_INFO = NO;
				SDKROOT = iphoneos;
				TARGETED_DEVICE_FAMILY = "1,2";
				VALIDATE_PRODUCT = YES;
			};
			name = Release;
		};
		076DE09E1C77DA7100075EDF /* Debug */ = {
			isa = XCBuildConfiguration;
			buildSettings = {
				ASSETCATALOG_COMPILER_APPICON_NAME = AppIcon;
				GCC_PRECOMPILE_PREFIX_HEADER = YES;
				INFOPLIST_FILE = Phonebook/Info.plist;
				LD_RUNPATH_SEARCH_PATHS = "$(inherited) @executable_path/Frameworks";
				PRODUCT_BUNDLE_IDENTIFIER = com.cm.Phonebook;
				PRODUCT_NAME = "$(TARGET_NAME)";
			};
			name = Debug;
		};
		076DE09F1C77DA7100075EDF /* Release */ = {
			isa = XCBuildConfiguration;
			buildSettings = {
				ASSETCATALOG_COMPILER_APPICON_NAME = AppIcon;
				GCC_PRECOMPILE_PREFIX_HEADER = YES;
				INFOPLIST_FILE = Phonebook/Info.plist;
				LD_RUNPATH_SEARCH_PATHS = "$(inherited) @executable_path/Frameworks";
				PRODUCT_BUNDLE_IDENTIFIER = com.cm.Phonebook;
				PRODUCT_NAME = "$(TARGET_NAME)";
			};
			name = Release;
		};
		076DE0A11C77DA7100075EDF /* Debug */ = {
			isa = XCBuildConfiguration;
			buildSettings = {
				BUNDLE_LOADER = "$(TEST_HOST)";
				INFOPLIST_FILE = PhonebookTests/Info.plist;
				LD_RUNPATH_SEARCH_PATHS = "$(inherited) @executable_path/Frameworks @loader_path/Frameworks";
				PRODUCT_BUNDLE_IDENTIFIER = com.cm.PhonebookTests;
				PRODUCT_NAME = "$(TARGET_NAME)";
				TEST_HOST = "$(BUILT_PRODUCTS_DIR)/Phonebook.app/Phonebook";
			};
			name = Debug;
		};
		076DE0A21C77DA7100075EDF /* Release */ = {
			isa = XCBuildConfiguration;
			buildSettings = {
				BUNDLE_LOADER = "$(TEST_HOST)";
				INFOPLIST_FILE = PhonebookTests/Info.plist;
				LD_RUNPATH_SEARCH_PATHS = "$(inherited) @executable_path/Frameworks @loader_path/Frameworks";
				PRODUCT_BUNDLE_IDENTIFIER = com.cm.PhonebookTests;
				PRODUCT_NAME = "$(TARGET_NAME)";
				TEST_HOST = "$(BUILT_PRODUCTS_DIR)/Phonebook.app/Phonebook";
			};
			name = Release;
		};
		076DE0A41C77DA7100075EDF /* Debug */ = {
			isa = XCBuildConfiguration;
			buildSettings = {
				INFOPLIST_FILE = PhonebookUITests/Info.plist;
				LD_RUNPATH_SEARCH_PATHS = "$(inherited) @executable_path/Frameworks @loader_path/Frameworks";
				PRODUCT_BUNDLE_IDENTIFIER = com.cm.PhonebookUITests;
				PRODUCT_NAME = "$(TARGET_NAME)";
				TEST_TARGET_NAME = Phonebook;
			};
			name = Debug;
		};
		076DE0A51C77DA7100075EDF /* Release */ = {
			isa = XCBuildConfiguration;
			buildSettings = {
				INFOPLIST_FILE = PhonebookUITests/Info.plist;
				LD_RUNPATH_SEARCH_PATHS = "$(inherited) @executable_path/Frameworks @loader_path/Frameworks";
				PRODUCT_BUNDLE_IDENTIFIER = com.cm.PhonebookUITests;
				PRODUCT_NAME = "$(TARGET_NAME)";
				TEST_TARGET_NAME = Phonebook;
			};
			name = Release;
		};
/* End XCBuildConfiguration section */

/* Begin XCConfigurationList section */
		076DE0681C77DA7100075EDF /* Build configuration list for PBXProject "Phonebook" */ = {
			isa = XCConfigurationList;
			buildConfigurations = (
				076DE09B1C77DA7100075EDF /* Debug */,
				076DE09C1C77DA7100075EDF /* Release */,
			);
			defaultConfigurationIsVisible = 0;
			defaultConfigurationName = Release;
		};
		076DE09D1C77DA7100075EDF /* Build configuration list for PBXNativeTarget "Phonebook" */ = {
			isa = XCConfigurationList;
			buildConfigurations = (
				076DE09E1C77DA7100075EDF /* Debug */,
				076DE09F1C77DA7100075EDF /* Release */,
			);
			defaultConfigurationIsVisible = 0;
		};
		076DE0A01C77DA7100075EDF /* Build configuration list for PBXNativeTarget "PhonebookTests" */ = {
			isa = XCConfigurationList;
			buildConfigurations = (
				076DE0A11C77DA7100075EDF /* Debug */,
				076DE0A21C77DA7100075EDF /* Release */,
			);
			defaultConfigurationIsVisible = 0;
		};
		076DE0A31C77DA7100075EDF /* Build configuration list for PBXNativeTarget "PhonebookUITests" */ = {
			isa = XCConfigurationList;
			buildConfigurations = (
				076DE0A41C77DA7100075EDF /* Debug */,
				076DE0A51C77DA7100075EDF /* Release */,
			);
			defaultConfigurationIsVisible = 0;
		};
/* End XCConfigurationList section */

/* Begin XCVersionGroup section */
		076DE07C1C77DA7100075EDF /* Phonebook.xcdatamodeld */ = {
			isa = XCVersionGroup;
			children = (
				076DE07D1C77DA7100075EDF /* Phonebook.xcdatamodel */,
			);
			currentVersion = 076DE07D1C77DA7100075EDF /* Phonebook.xcdatamodel */;
			path = Phonebook.xcdatamodeld;
			sourceTree = "<group>";
			versionGroupType = wrapper.xcdatamodel;
		};
/* End XCVersionGroup section */
	};
	rootObject = 076DE0651C77DA7100075EDF /* Project object */;
}
